// !$*UTF8*$!
{
	archiveVersion = 1;
	classes = {
	};
	objectVersion = 50;
	objects = {

/* Begin PBXBuildFile section */
		BC18EFA32218BFF800A534F9 /* AppDelegate.swift in Sources */ = {isa = PBXBuildFile; fileRef = BC18EFA22218BFF800A534F9 /* AppDelegate.swift */; };
		BC18EFAA2218BFFB00A534F9 /* Assets.xcassets in Resources */ = {isa = PBXBuildFile; fileRef = BC18EFA92218BFFB00A534F9 /* Assets.xcassets */; };
		BC18EFAD2218BFFB00A534F9 /* LaunchScreen.storyboard in Resources */ = {isa = PBXBuildFile; fileRef = BC18EFAB2218BFFB00A534F9 /* LaunchScreen.storyboard */; };
		BC18EFC82218D51100A534F9 /* FileScanViewController.swift in Sources */ = {isa = PBXBuildFile; fileRef = BC18EFC62218D51100A534F9 /* FileScanViewController.swift */; };
		BC18EFC92218D51100A534F9 /* FileScanViewController.xib in Resources */ = {isa = PBXBuildFile; fileRef = BC18EFC72218D51100A534F9 /* FileScanViewController.xib */; };
		BC18EFCB2218D67200A534F9 /* DataLoadService.swift in Sources */ = {isa = PBXBuildFile; fileRef = BC18EFCA2218D67200A534F9 /* DataLoadService.swift */; };
		BC18EFCD2218DAD000A534F9 /* WordCountService.swift in Sources */ = {isa = PBXBuildFile; fileRef = BC18EFCC2218DAD000A534F9 /* WordCountService.swift */; };
		BCB1DA372219F77E0019FC8A /* WordCountServiceTests.swift in Sources */ = {isa = PBXBuildFile; fileRef = BCB1DA362219F77E0019FC8A /* WordCountServiceTests.swift */; };
		BCB1DA39221A32350019FC8A /* PrimeNumberService.swift in Sources */ = {isa = PBXBuildFile; fileRef = BCB1DA38221A32350019FC8A /* PrimeNumberService.swift */; };
		BCB1DA3B221A36830019FC8A /* PrimeNumberServiceTests.swift in Sources */ = {isa = PBXBuildFile; fileRef = BCB1DA3A221A36830019FC8A /* PrimeNumberServiceTests.swift */; };
		BCB1DA3D221A3A600019FC8A /* TestDataLoadService.swift in Sources */ = {isa = PBXBuildFile; fileRef = BCB1DA3C221A3A600019FC8A /* TestDataLoadService.swift */; };
/* End PBXBuildFile section */

/* Begin PBXContainerItemProxy section */
		BC18EFB42218BFFB00A534F9 /* PBXContainerItemProxy */ = {
			isa = PBXContainerItemProxy;
			containerPortal = BC18EF972218BFF800A534F9 /* Project object */;
			proxyType = 1;
			remoteGlobalIDString = BC18EF9E2218BFF800A534F9;
			remoteInfo = CompareTheMarket;
		};
/* End PBXContainerItemProxy section */

/* Begin PBXFileReference section */
		BC18EF9F2218BFF800A534F9 /* CompareTheMarket.app */ = {isa = PBXFileReference; explicitFileType = wrapper.application; includeInIndex = 0; path = CompareTheMarket.app; sourceTree = BUILT_PRODUCTS_DIR; };
		BC18EFA22218BFF800A534F9 /* AppDelegate.swift */ = {isa = PBXFileReference; lastKnownFileType = sourcecode.swift; path = AppDelegate.swift; sourceTree = "<group>"; };
		BC18EFA92218BFFB00A534F9 /* Assets.xcassets */ = {isa = PBXFileReference; lastKnownFileType = folder.assetcatalog; path = Assets.xcassets; sourceTree = "<group>"; };
		BC18EFAC2218BFFB00A534F9 /* Base */ = {isa = PBXFileReference; lastKnownFileType = file.storyboard; name = Base; path = Base.lproj/LaunchScreen.storyboard; sourceTree = "<group>"; };
		BC18EFAE2218BFFB00A534F9 /* Info.plist */ = {isa = PBXFileReference; lastKnownFileType = text.plist.xml; path = Info.plist; sourceTree = "<group>"; };
		BC18EFB32218BFFB00A534F9 /* CompareTheMarketTests.xctest */ = {isa = PBXFileReference; explicitFileType = wrapper.cfbundle; includeInIndex = 0; path = CompareTheMarketTests.xctest; sourceTree = BUILT_PRODUCTS_DIR; };
		BC18EFB92218BFFB00A534F9 /* Info.plist */ = {isa = PBXFileReference; lastKnownFileType = text.plist.xml; path = Info.plist; sourceTree = "<group>"; };
		BC18EFC62218D51100A534F9 /* FileScanViewController.swift */ = {isa = PBXFileReference; lastKnownFileType = sourcecode.swift; path = FileScanViewController.swift; sourceTree = "<group>"; };
		BC18EFC72218D51100A534F9 /* FileScanViewController.xib */ = {isa = PBXFileReference; lastKnownFileType = file.xib; path = FileScanViewController.xib; sourceTree = "<group>"; };
		BC18EFCA2218D67200A534F9 /* DataLoadService.swift */ = {isa = PBXFileReference; lastKnownFileType = sourcecode.swift; path = DataLoadService.swift; sourceTree = "<group>"; };
		BC18EFCC2218DAD000A534F9 /* WordCountService.swift */ = {isa = PBXFileReference; lastKnownFileType = sourcecode.swift; path = WordCountService.swift; sourceTree = "<group>"; };
		BCB1DA362219F77E0019FC8A /* WordCountServiceTests.swift */ = {isa = PBXFileReference; lastKnownFileType = sourcecode.swift; path = WordCountServiceTests.swift; sourceTree = "<group>"; };
		BCB1DA38221A32350019FC8A /* PrimeNumberService.swift */ = {isa = PBXFileReference; lastKnownFileType = sourcecode.swift; path = PrimeNumberService.swift; sourceTree = "<group>"; };
		BCB1DA3A221A36830019FC8A /* PrimeNumberServiceTests.swift */ = {isa = PBXFileReference; lastKnownFileType = sourcecode.swift; path = PrimeNumberServiceTests.swift; sourceTree = "<group>"; };
		BCB1DA3C221A3A600019FC8A /* TestDataLoadService.swift */ = {isa = PBXFileReference; lastKnownFileType = sourcecode.swift; path = TestDataLoadService.swift; sourceTree = "<group>"; };
/* End PBXFileReference section */

/* Begin PBXFrameworksBuildPhase section */
		BC18EF9C2218BFF800A534F9 /* Frameworks */ = {
			isa = PBXFrameworksBuildPhase;
			buildActionMask = 2147483647;
			files = (
			);
			runOnlyForDeploymentPostprocessing = 0;
		};
		BC18EFB02218BFFB00A534F9 /* Frameworks */ = {
			isa = PBXFrameworksBuildPhase;
			buildActionMask = 2147483647;
			files = (
			);
			runOnlyForDeploymentPostprocessing = 0;
		};
/* End PBXFrameworksBuildPhase section */

/* Begin PBXGroup section */
		BC18EF962218BFF800A534F9 = {
			isa = PBXGroup;
			children = (
				BC18EFA12218BFF800A534F9 /* CompareTheMarket */,
				BC18EFB62218BFFB00A534F9 /* CompareTheMarketTests */,
				BC18EFA02218BFF800A534F9 /* Products */,
			);
			sourceTree = "<group>";
		};
		BC18EFA02218BFF800A534F9 /* Products */ = {
			isa = PBXGroup;
			children = (
				BC18EF9F2218BFF800A534F9 /* CompareTheMarket.app */,
				BC18EFB32218BFFB00A534F9 /* CompareTheMarketTests.xctest */,
			);
			name = Products;
			sourceTree = "<group>";
		};
		BC18EFA12218BFF800A534F9 /* CompareTheMarket */ = {
			isa = PBXGroup;
			children = (
				BCB1DA40221A41710019FC8A /* Views */,
				BCB1DA3F221A41530019FC8A /* Controllers */,
				BCB1DA3E221A41300019FC8A /* Services */,
				BC18EFA22218BFF800A534F9 /* AppDelegate.swift */,
				BC18EFA92218BFFB00A534F9 /* Assets.xcassets */,
				BC18EFAB2218BFFB00A534F9 /* LaunchScreen.storyboard */,
				BC18EFAE2218BFFB00A534F9 /* Info.plist */,
			);
			path = CompareTheMarket;
			sourceTree = "<group>";
		};
		BC18EFB62218BFFB00A534F9 /* CompareTheMarketTests */ = {
			isa = PBXGroup;
			children = (
				BC18EFB92218BFFB00A534F9 /* Info.plist */,
				BCB1DA362219F77E0019FC8A /* WordCountServiceTests.swift */,
				BCB1DA3A221A36830019FC8A /* PrimeNumberServiceTests.swift */,
				BCB1DA3C221A3A600019FC8A /* TestDataLoadService.swift */,
			);
			path = CompareTheMarketTests;
			sourceTree = "<group>";
		};
		BCB1DA3E221A41300019FC8A /* Services */ = {
			isa = PBXGroup;
			children = (
				BC18EFCA2218D67200A534F9 /* DataLoadService.swift */,
				BC18EFCC2218DAD000A534F9 /* WordCountService.swift */,
				BCB1DA38221A32350019FC8A /* PrimeNumberService.swift */,
			);
			path = Services;
			sourceTree = "<group>";
		};
		BCB1DA3F221A41530019FC8A /* Controllers */ = {
			isa = PBXGroup;
			children = (
				BC18EFC62218D51100A534F9 /* FileScanViewController.swift */,
			);
			path = Controllers;
			sourceTree = "<group>";
		};
		BCB1DA40221A41710019FC8A /* Views */ = {
			isa = PBXGroup;
			children = (
				BC18EFC72218D51100A534F9 /* FileScanViewController.xib */,
			);
			path = Views;
			sourceTree = "<group>";
		};
/* End PBXGroup section */

/* Begin PBXNativeTarget section */
		BC18EF9E2218BFF800A534F9 /* CompareTheMarket */ = {
			isa = PBXNativeTarget;
			buildConfigurationList = BC18EFBC2218BFFB00A534F9 /* Build configuration list for PBXNativeTarget "CompareTheMarket" */;
			buildPhases = (
				BC18EF9B2218BFF800A534F9 /* Sources */,
				BC18EF9C2218BFF800A534F9 /* Frameworks */,
				BC18EF9D2218BFF800A534F9 /* Resources */,
			);
			buildRules = (
			);
			dependencies = (
			);
			name = CompareTheMarket;
			productName = CompareTheMarket;
			productReference = BC18EF9F2218BFF800A534F9 /* CompareTheMarket.app */;
			productType = "com.apple.product-type.application";
		};
		BC18EFB22218BFFB00A534F9 /* CompareTheMarketTests */ = {
			isa = PBXNativeTarget;
			buildConfigurationList = BC18EFBF2218BFFB00A534F9 /* Build configuration list for PBXNativeTarget "CompareTheMarketTests" */;
			buildPhases = (
				BC18EFAF2218BFFB00A534F9 /* Sources */,
				BC18EFB02218BFFB00A534F9 /* Frameworks */,
				BC18EFB12218BFFB00A534F9 /* Resources */,
			);
			buildRules = (
			);
			dependencies = (
				BC18EFB52218BFFB00A534F9 /* PBXTargetDependency */,
			);
			name = CompareTheMarketTests;
			productName = CompareTheMarketTests;
			productReference = BC18EFB32218BFFB00A534F9 /* CompareTheMarketTests.xctest */;
			productType = "com.apple.product-type.bundle.unit-test";
		};
/* End PBXNativeTarget section */

/* Begin PBXProject section */
		BC18EF972218BFF800A534F9 /* Project object */ = {
			isa = PBXProject;
			attributes = {
				LastSwiftUpdateCheck = 1010;
				LastUpgradeCheck = 1010;
				ORGANIZATIONNAME = "R K Marri";
				TargetAttributes = {
					BC18EF9E2218BFF800A534F9 = {
						CreatedOnToolsVersion = 10.1;
					};
					BC18EFB22218BFFB00A534F9 = {
						CreatedOnToolsVersion = 10.1;
						TestTargetID = BC18EF9E2218BFF800A534F9;
					};
				};
			};
			buildConfigurationList = BC18EF9A2218BFF800A534F9 /* Build configuration list for PBXProject "CompareTheMarket" */;
			compatibilityVersion = "Xcode 9.3";
			developmentRegion = en;
			hasScannedForEncodings = 0;
			knownRegions = (
				en,
				Base,
			);
			mainGroup = BC18EF962218BFF800A534F9;
			productRefGroup = BC18EFA02218BFF800A534F9 /* Products */;
			projectDirPath = "";
			projectRoot = "";
			targets = (
				BC18EF9E2218BFF800A534F9 /* CompareTheMarket */,
				BC18EFB22218BFFB00A534F9 /* CompareTheMarketTests */,
			);
		};
/* End PBXProject section */

/* Begin PBXResourcesBuildPhase section */
		BC18EF9D2218BFF800A534F9 /* Resources */ = {
			isa = PBXResourcesBuildPhase;
			buildActionMask = 2147483647;
			files = (
				BC18EFAD2218BFFB00A534F9 /* LaunchScreen.storyboard in Resources */,
				BC18EFAA2218BFFB00A534F9 /* Assets.xcassets in Resources */,
				BC18EFC92218D51100A534F9 /* FileScanViewController.xib in Resources */,
			);
			runOnlyForDeploymentPostprocessing = 0;
		};
		BC18EFB12218BFFB00A534F9 /* Resources */ = {
			isa = PBXResourcesBuildPhase;
			buildActionMask = 2147483647;
			files = (
			);
			runOnlyForDeploymentPostprocessing = 0;
		};
/* End PBXResourcesBuildPhase section */

/* Begin PBXSourcesBuildPhase section */
		BC18EF9B2218BFF800A534F9 /* Sources */ = {
			isa = PBXSourcesBuildPhase;
			buildActionMask = 2147483647;
			files = (
				BC18EFC82218D51100A534F9 /* FileScanViewController.swift in Sources */,
				BC18EFA32218BFF800A534F9 /* AppDelegate.swift in Sources */,
				BCB1DA39221A32350019FC8A /* PrimeNumberService.swift in Sources */,
				BC18EFCB2218D67200A534F9 /* DataLoadService.swift in Sources */,
				BC18EFCD2218DAD000A534F9 /* WordCountService.swift in Sources */,
			);
			runOnlyForDeploymentPostprocessing = 0;
		};
		BC18EFAF2218BFFB00A534F9 /* Sources */ = {
			isa = PBXSourcesBuildPhase;
			buildActionMask = 2147483647;
			files = (
				BCB1DA372219F77E0019FC8A /* WordCountServiceTests.swift in Sources */,
				BCB1DA3B221A36830019FC8A /* PrimeNumberServiceTests.swift in Sources */,
				BCB1DA3D221A3A600019FC8A /* TestDataLoadService.swift in Sources */,
			);
			runOnlyForDeploymentPostprocessing = 0;
		};
/* End PBXSourcesBuildPhase section */

/* Begin PBXTargetDependency section */
		BC18EFB52218BFFB00A534F9 /* PBXTargetDependency */ = {
			isa = PBXTargetDependency;
			target = BC18EF9E2218BFF800A534F9 /* CompareTheMarket */;
			targetProxy = BC18EFB42218BFFB00A534F9 /* PBXContainerItemProxy */;
		};
/* End PBXTargetDependency section */

/* Begin PBXVariantGroup section */
		BC18EFAB2218BFFB00A534F9 /* LaunchScreen.storyboard */ = {
			isa = PBXVariantGroup;
			children = (
				BC18EFAC2218BFFB00A534F9 /* Base */,
			);
			name = LaunchScreen.storyboard;
			sourceTree = "<group>";
		};
/* End PBXVariantGroup section */

/* Begin XCBuildConfiguration section */
		BC18EFBA2218BFFB00A534F9 /* Debug */ = {
			isa = XCBuildConfiguration;
			buildSettings = {
				ALWAYS_SEARCH_USER_PATHS = NO;
				CLANG_ANALYZER_NONNULL = YES;
				CLANG_ANALYZER_NUMBER_OBJECT_CONVERSION = YES_AGGRESSIVE;
				CLANG_CXX_LANGUAGE_STANDARD = "gnu++14";
				CLANG_CXX_LIBRARY = "libc++";
				CLANG_ENABLE_MODULES = YES;
				CLANG_ENABLE_OBJC_ARC = YES;
				CLANG_ENABLE_OBJC_WEAK = YES;
				CLANG_WARN_BLOCK_CAPTURE_AUTORELEASING = YES;
				CLANG_WARN_BOOL_CONVERSION = YES;
				CLANG_WARN_COMMA = YES;
				CLANG_WARN_CONSTANT_CONVERSION = YES;
				CLANG_WARN_DEPRECATED_OBJC_IMPLEMENTATIONS = YES;
				CLANG_WARN_DIRECT_OBJC_ISA_USAGE = YES_ERROR;
				CLANG_WARN_DOCUMENTATION_COMMENTS = YES;
				CLANG_WARN_EMPTY_BODY = YES;
				CLANG_WARN_ENUM_CONVERSION = YES;
				CLANG_WARN_INFINITE_RECURSION = YES;
				CLANG_WARN_INT_CONVERSION = YES;
				CLANG_WARN_NON_LITERAL_NULL_CONVERSION = YES;
				CLANG_WARN_OBJC_IMPLICIT_RETAIN_SELF = YES;
				CLANG_WARN_OBJC_LITERAL_CONVERSION = YES;
				CLANG_WARN_OBJC_ROOT_CLASS = YES_ERROR;
				CLANG_WARN_RANGE_LOOP_ANALYSIS = YES;
				CLANG_WARN_STRICT_PROTOTYPES = YES;
				CLANG_WARN_SUSPICIOUS_MOVE = YES;
				CLANG_WARN_UNGUARDED_AVAILABILITY = YES_AGGRESSIVE;
				CLANG_WARN_UNREACHABLE_CODE = YES;
				CLANG_WARN__DUPLICATE_METHOD_MATCH = YES;
				CODE_SIGN_IDENTITY = "iPhone Developer";
				COPY_PHASE_STRIP = NO;
				DEBUG_INFORMATION_FORMAT = dwarf;
				ENABLE_STRICT_OBJC_MSGSEND = YES;
				ENABLE_TESTABILITY = YES;
				GCC_C_LANGUAGE_STANDARD = gnu11;
				GCC_DYNAMIC_NO_PIC = NO;
				GCC_NO_COMMON_BLOCKS = YES;
				GCC_OPTIMIZATION_LEVEL = 0;
				GCC_PREPROCESSOR_DEFINITIONS = (
					"DEBUG=1",
					"$(inherited)",
				);
				GCC_WARN_64_TO_32_BIT_CONVERSION = YES;
				GCC_WARN_ABOUT_RETURN_TYPE = YES_ERROR;
				GCC_WARN_UNDECLARED_SELECTOR = YES;
				GCC_WARN_UNINITIALIZED_AUTOS = YES_AGGRESSIVE;
				GCC_WARN_UNUSED_FUNCTION = YES;
				GCC_WARN_UNUSED_VARIABLE = YES;
				IPHONEOS_DEPLOYMENT_TARGET = 12.1;
				MTL_ENABLE_DEBUG_INFO = INCLUDE_SOURCE;
				MTL_FAST_MATH = YES;
				ONLY_ACTIVE_ARCH = YES;
				SDKROOT = iphoneos;
				SWIFT_ACTIVE_COMPILATION_CONDITIONS = DEBUG;
				SWIFT_OPTIMIZATION_LEVEL = "-Onone";
			};
			name = Debug;
		};
		BC18EFBB2218BFFB00A534F9 /* Release */ = {
			isa = XCBuildConfiguration;
			buildSettings = {
				ALWAYS_SEARCH_USER_PATHS = NO;
				CLANG_ANALYZER_NONNULL = YES;
				CLANG_ANALYZER_NUMBER_OBJECT_CONVERSION = YES_AGGRESSIVE;
				CLANG_CXX_LANGUAGE_STANDARD = "gnu++14";
				CLANG_CXX_LIBRARY = "libc++";
				CLANG_ENABLE_MODULES = YES;
				CLANG_ENABLE_OBJC_ARC = YES;
				CLANG_ENABLE_OBJC_WEAK = YES;
				CLANG_WARN_BLOCK_CAPTURE_AUTORELEASING = YES;
				CLANG_WARN_BOOL_CONVERSION = YES;
				CLANG_WARN_COMMA = YES;
				CLANG_WARN_CONSTANT_CONVERSION = YES;
				CLANG_WARN_DEPRECATED_OBJC_IMPLEMENTATIONS = YES;
				CLANG_WARN_DIRECT_OBJC_ISA_USAGE = YES_ERROR;
				CLANG_WARN_DOCUMENTATION_COMMENTS = YES;
				CLANG_WARN_EMPTY_BODY = YES;
				CLANG_WARN_ENUM_CONVERSION = YES;
				CLANG_WARN_INFINITE_RECURSION = YES;
				CLANG_WARN_INT_CONVERSION = YES;
				CLANG_WARN_NON_LITERAL_NULL_CONVERSION = YES;
				CLANG_WARN_OBJC_IMPLICIT_RETAIN_SELF = YES;
				CLANG_WARN_OBJC_LITERAL_CONVERSION = YES;
				CLANG_WARN_OBJC_ROOT_CLASS = YES_ERROR;
				CLANG_WARN_RANGE_LOOP_ANALYSIS = YES;
				CLANG_WARN_STRICT_PROTOTYPES = YES;
				CLANG_WARN_SUSPICIOUS_MOVE = YES;
				CLANG_WARN_UNGUARDED_AVAILABILITY = YES_AGGRESSIVE;
				CLANG_WARN_UNREACHABLE_CODE = YES;
				CLANG_WARN__DUPLICATE_METHOD_MATCH = YES;
				CODE_SIGN_IDENTITY = "iPhone Developer";
				COPY_PHASE_STRIP = NO;
				DEBUG_INFORMATION_FORMAT = "dwarf-with-dsym";
				ENABLE_NS_ASSERTIONS = NO;
				ENABLE_STRICT_OBJC_MSGSEND = YES;
				GCC_C_LANGUAGE_STANDARD = gnu11;
				GCC_NO_COMMON_BLOCKS = YES;
				GCC_WARN_64_TO_32_BIT_CONVERSION = YES;
				GCC_WARN_ABOUT_RETURN_TYPE = YES_ERROR;
				GCC_WARN_UNDECLARED_SELECTOR = YES;
				GCC_WARN_UNINITIALIZED_AUTOS = YES_AGGRESSIVE;
				GCC_WARN_UNUSED_FUNCTION = YES;
				GCC_WARN_UNUSED_VARIABLE = YES;
				IPHONEOS_DEPLOYMENT_TARGET = 12.1;
				MTL_ENABLE_DEBUG_INFO = NO;
				MTL_FAST_MATH = YES;
				SDKROOT = iphoneos;
				SWIFT_COMPILATION_MODE = wholemodule;
				SWIFT_OPTIMIZATION_LEVEL = "-O";
				VALIDATE_PRODUCT = YES;
			};
			name = Release;
		};
		BC18EFBD2218BFFB00A534F9 /* Debug */ = {
			isa = XCBuildConfiguration;
			buildSettings = {
				ASSETCATALOG_COMPILER_APPICON_NAME = AppIcon;
				CODE_SIGN_STYLE = Automatic;
				DEVELOPMENT_TEAM = K9V8ERLS88;
				INFOPLIST_FILE = CompareTheMarket/Info.plist;
				LD_RUNPATH_SEARCH_PATHS = (
					"$(inherited)",
					"@executable_path/Frameworks",
				);
				PRODUCT_BUNDLE_IDENTIFIER = self.ravikanth.CompareTheMarket;
				PRODUCT_NAME = "$(TARGET_NAME)";
				SWIFT_VERSION = 4.2;
				TARGETED_DEVICE_FAMILY = "1,2";
			};
			name = Debug;
		};
		BC18EFBE2218BFFB00A534F9 /* Release */ = {
			isa = XCBuildConfiguration;
			buildSettings = {
				ASSETCATALOG_COMPILER_APPICON_NAME = AppIcon;
				CODE_SIGN_STYLE = Automatic;
				DEVELOPMENT_TEAM = K9V8ERLS88;
				INFOPLIST_FILE = CompareTheMarket/Info.plist;
				LD_RUNPATH_SEARCH_PATHS = (
					"$(inherited)",
					"@executable_path/Frameworks",
				);
				PRODUCT_BUNDLE_IDENTIFIER = self.ravikanth.CompareTheMarket;
				PRODUCT_NAME = "$(TARGET_NAME)";
				SWIFT_VERSION = 4.2;
				TARGETED_DEVICE_FAMILY = "1,2";
			};
			name = Release;
		};
		BC18EFC02218BFFB00A534F9 /* Debug */ = {
			isa = XCBuildConfiguration;
			buildSettings = {
				ALWAYS_EMBED_SWIFT_STANDARD_LIBRARIES = YES;
				BUNDLE_LOADER = "$(TEST_HOST)";
				CODE_SIGN_STYLE = Automatic;
				DEVELOPMENT_TEAM = K9V8ERLS88;
				INFOPLIST_FILE = CompareTheMarketTests/Info.plist;
				LD_RUNPATH_SEARCH_PATHS = (
					"$(inherited)",
					"@executable_path/Frameworks",
					"@loader_path/Frameworks",
				);
				PRODUCT_BUNDLE_IDENTIFIER = self.ravikanth.CompareTheMarketTests;
				PRODUCT_NAME = "$(TARGET_NAME)";
				SWIFT_VERSION = 4.2;
				TARGETED_DEVICE_FAMILY = "1,2";
				TEST_HOST = "$(BUILT_PRODUCTS_DIR)/CompareTheMarket.app/CompareTheMarket";
			};
			name = Debug;
		};
		BC18EFC12218BFFB00A534F9 /* Release */ = {
			isa = XCBuildConfiguration;
			buildSettings = {
				ALWAYS_EMBED_SWIFT_STANDARD_LIBRARIES = YES;
				BUNDLE_LOADER = "$(TEST_HOST)";
				CODE_SIGN_STYLE = Automatic;
				DEVELOPMENT_TEAM = K9V8ERLS88;
				INFOPLIST_FILE = CompareTheMarketTests/Info.plist;
				LD_RUNPATH_SEARCH_PATHS = (
					"$(inherited)",
					"@executable_path/Frameworks",
					"@loader_path/Frameworks",
				);
				PRODUCT_BUNDLE_IDENTIFIER = self.ravikanth.CompareTheMarketTests;
				PRODUCT_NAME = "$(TARGET_NAME)";
				SWIFT_VERSION = 4.2;
				TARGETED_DEVICE_FAMILY = "1,2";
				TEST_HOST = "$(BUILT_PRODUCTS_DIR)/CompareTheMarket.app/CompareTheMarket";
			};
			name = Release;
		};
/* End XCBuildConfiguration section */

/* Begin XCConfigurationList section */
		BC18EF9A2218BFF800A534F9 /* Build configuration list for PBXProject "CompareTheMarket" */ = {
			isa = XCConfigurationList;
			buildConfigurations = (
				BC18EFBA2218BFFB00A534F9 /* Debug */,
				BC18EFBB2218BFFB00A534F9 /* Release */,
			);
			defaultConfigurationIsVisible = 0;
			defaultConfigurationName = Release;
		};
		BC18EFBC2218BFFB00A534F9 /* Build configuration list for PBXNativeTarget "CompareTheMarket" */ = {
			isa = XCConfigurationList;
			buildConfigurations = (
				BC18EFBD2218BFFB00A534F9 /* Debug */,
				BC18EFBE2218BFFB00A534F9 /* Release */,
			);
			defaultConfigurationIsVisible = 0;
			defaultConfigurationName = Release;
		};
		BC18EFBF2218BFFB00A534F9 /* Build configuration list for PBXNativeTarget "CompareTheMarketTests" */ = {
			isa = XCConfigurationList;
			buildConfigurations = (
				BC18EFC02218BFFB00A534F9 /* Debug */,
				BC18EFC12218BFFB00A534F9 /* Release */,
			);
			defaultConfigurationIsVisible = 0;
			defaultConfigurationName = Release;
		};
/* End XCConfigurationList section */
	};
	rootObject = BC18EF972218BFF800A534F9 /* Project object */;
}
